
Microsoft Visual Studio Solution File, Format Version 12.00
# Visual Studio Version 17
VisualStudioVersion = 17.13.35825.156 d17.13
MinimumVisualStudioVersion = 10.0.40219.1
Project("{FAE04EC0-301F-11D3-BF4B-00C04F79EFBC}") = "GameCollectionManager", "GameCollectionManager\GameCollectionManager.csproj", "{D7EA7C7E-B65E-4D2E-894F-65628321095E}"
EndProject
Project("{FAE04EC0-301F-11D3-BF4B-00C04F79EFBC}") = "Services", "Services\Services.csproj", "{817AF28A-2734-49F5-BA27-8F00830A8FDA}"
EndProject
Global
	GlobalSection(SolutionConfigurationPlatforms) = preSolution
		Debug|Any CPU = Debug|Any CPU
		Release|Any CPU = Release|Any CPU
	EndGlobalSection
	GlobalSection(ProjectConfigurationPlatforms) = postSolution
		{D7EA7C7E-B65E-4D2E-894F-65628321095E}.Debug|Any CPU.ActiveCfg = Debug|Any CPU
		{D7EA7C7E-B65E-4D2E-894F-65628321095E}.Debug|Any CPU.Build.0 = Debug|Any CPU
		{D7EA7C7E-B65E-4D2E-894F-65628321095E}.Release|Any CPU.ActiveCfg = Release|Any CPU
		{D7EA7C7E-B65E-4D2E-894F-65628321095E}.Release|Any CPU.Build.0 = Release|Any CPU
		{817AF28A-2734-49F5-BA27-8F00830A8FDA}.Debug|Any CPU.ActiveCfg = Debug|Any CPU
		{817AF28A-2734-49F5-BA27-8F00830A8FDA}.Debug|Any CPU.Build.0 = Debug|Any CPU
		{817AF28A-2734-49F5-BA27-8F00830A8FDA}.Release|Any CPU.ActiveCfg = Release|Any CPU
		{817AF28A-2734-49F5-BA27-8F00830A8FDA}.Release|Any CPU.Build.0 = Release|Any CPU
	EndGlobalSection
	GlobalSection(SolutionProperties) = preSolution
		HideSolutionNode = FALSE
	EndGlobalSection
	GlobalSection(ExtensibilityGlobals) = postSolution
		SolutionGuid = {74D7D169-7A24-4D5E-9E69-BA9937DB9850}
	EndGlobalSection
EndGlobal
